
Microsoft Visual Studio Solution File, Format Version 12.00
# Visual Studio 2012
Project("{FAE04EC0-301F-11D3-BF4B-00C04F79EFBC}") = "AutoChangeLockScreen", "AutoChangeLockScreen\AutoChangeLockScreen.csproj", "{9E210BBA-9A80-4F2C-9601-D3F926D160AC}"
EndProject
Project("{FAE04EC0-301F-11D3-BF4B-00C04F79EFBC}") = "ScheduledTaskAgent1", "ScheduledTaskAgent1\ScheduledTaskAgent1.csproj", "{41F9022E-960B-45CB-8EB3-F8011B08EF75}"
EndProject
Global
	GlobalSection(SubversionScc) = preSolution
		Svn-Managed = True
		Manager = AnkhSVN - Subversion Support for Visual Studio
	EndGlobalSection
	GlobalSection(SolutionConfigurationPlatforms) = preSolution
		Debug|ARM = Debug|ARM
		Debug|x86 = Debug|x86
		Release|ARM = Release|ARM
		Release|x86 = Release|x86
	EndGlobalSection
	GlobalSection(ProjectConfigurationPlatforms) = postSolution
		{9E210BBA-9A80-4F2C-9601-D3F926D160AC}.Debug|ARM.ActiveCfg = Debug|ARM
		{9E210BBA-9A80-4F2C-9601-D3F926D160AC}.Debug|ARM.Build.0 = Debug|ARM
		{9E210BBA-9A80-4F2C-9601-D3F926D160AC}.Debug|ARM.Deploy.0 = Debug|ARM
		{9E210BBA-9A80-4F2C-9601-D3F926D160AC}.Debug|x86.ActiveCfg = Debug|x86
		{9E210BBA-9A80-4F2C-9601-D3F926D160AC}.Debug|x86.Build.0 = Debug|x86
		{9E210BBA-9A80-4F2C-9601-D3F926D160AC}.Debug|x86.Deploy.0 = Debug|x86
		{9E210BBA-9A80-4F2C-9601-D3F926D160AC}.Release|ARM.ActiveCfg = Release|ARM
		{9E210BBA-9A80-4F2C-9601-D3F926D160AC}.Release|ARM.Build.0 = Release|ARM
		{9E210BBA-9A80-4F2C-9601-D3F926D160AC}.Release|ARM.Deploy.0 = Release|ARM
		{9E210BBA-9A80-4F2C-9601-D3F926D160AC}.Release|x86.ActiveCfg = Release|x86
		{9E210BBA-9A80-4F2C-9601-D3F926D160AC}.Release|x86.Build.0 = Release|x86
		{9E210BBA-9A80-4F2C-9601-D3F926D160AC}.Release|x86.Deploy.0 = Release|x86
		{41F9022E-960B-45CB-8EB3-F8011B08EF75}.Debug|ARM.ActiveCfg = Debug|ARM
		{41F9022E-960B-45CB-8EB3-F8011B08EF75}.Debug|ARM.Build.0 = Debug|ARM
		{41F9022E-960B-45CB-8EB3-F8011B08EF75}.Debug|x86.ActiveCfg = Debug|x86
		{41F9022E-960B-45CB-8EB3-F8011B08EF75}.Debug|x86.Build.0 = Debug|x86
		{41F9022E-960B-45CB-8EB3-F8011B08EF75}.Release|ARM.ActiveCfg = Release|ARM
		{41F9022E-960B-45CB-8EB3-F8011B08EF75}.Release|ARM.Build.0 = Release|ARM
		{41F9022E-960B-45CB-8EB3-F8011B08EF75}.Release|x86.ActiveCfg = Release|x86
		{41F9022E-960B-45CB-8EB3-F8011B08EF75}.Release|x86.Build.0 = Release|x86
	EndGlobalSection
	GlobalSection(SolutionProperties) = preSolution
		HideSolutionNode = FALSE
	EndGlobalSection
EndGlobal
